// !$*UTF8*$!
{
	archiveVersion = 1;
	classes = {
	};
	objectVersion = 56;
	objects = {

/* Begin PBXBuildFile section */
		2B0DA47C298EB8900083627B /* IPSAssignmentApp.swift in Sources */ = {isa = PBXBuildFile; fileRef = 2B0DA47B298EB8900083627B /* IPSAssignmentApp.swift */; };
		2B0DA47E298EB8900083627B /* ContentView.swift in Sources */ = {isa = PBXBuildFile; fileRef = 2B0DA47D298EB8900083627B /* ContentView.swift */; };
		2B0DA480298EB8900083627B /* Assets.xcassets in Resources */ = {isa = PBXBuildFile; fileRef = 2B0DA47F298EB8900083627B /* Assets.xcassets */; };
		2B0DA484298EB8900083627B /* Preview Assets.xcassets in Resources */ = {isa = PBXBuildFile; fileRef = 2B0DA483298EB8900083627B /* Preview Assets.xcassets */; };
		2B0DA498298EB8910083627B /* ips_assignmentUITests.swift in Sources */ = {isa = PBXBuildFile; fileRef = 2B0DA497298EB8910083627B /* ips_assignmentUITests.swift */; };
		2B0DA49A298EB8910083627B /* ips_assignmentUITestsLaunchTests.swift in Sources */ = {isa = PBXBuildFile; fileRef = 2B0DA499298EB8910083627B /* ips_assignmentUITestsLaunchTests.swift */; };
		2B118A9129944C21008038DE /* Reachability.swift in Sources */ = {isa = PBXBuildFile; fileRef = 2B118A9029944C21008038DE /* Reachability.swift */; };
		2B1B23B6298ECD6700C4149B /* Lesson.swift in Sources */ = {isa = PBXBuildFile; fileRef = 2BB34C2B298EC26200BF60E4 /* Lesson.swift */; };
		2B1B23B7298ECD7000C4149B /* ModelData.swift in Sources */ = {isa = PBXBuildFile; fileRef = 2BB34C32298EC8C300BF60E4 /* ModelData.swift */; };
		2B1B23B8298ECE4A00C4149B /* lessonData.json in Resources */ = {isa = PBXBuildFile; fileRef = 2BB34C30298EC88B00BF60E4 /* lessonData.json */; };
		2BA59A05298FFE8F00F2D3B9 /* ApiProviders.swift in Sources */ = {isa = PBXBuildFile; fileRef = 2BA59A04298FFE8F00F2D3B9 /* ApiProviders.swift */; };
		2BA59A062990013A00F2D3B9 /* ApiProviders.swift in Sources */ = {isa = PBXBuildFile; fileRef = 2BA59A04298FFE8F00F2D3B9 /* ApiProviders.swift */; };
		2BB34C28298EC20000BF60E4 /* LessonList.swift in Sources */ = {isa = PBXBuildFile; fileRef = 2BB34C27298EC20000BF60E4 /* LessonList.swift */; };
		2BB34C2A298EC21100BF60E4 /* LessonRow.swift in Sources */ = {isa = PBXBuildFile; fileRef = 2BB34C29298EC21100BF60E4 /* LessonRow.swift */; };
		2BB34C2C298EC26200BF60E4 /* Lesson.swift in Sources */ = {isa = PBXBuildFile; fileRef = 2BB34C2B298EC26200BF60E4 /* Lesson.swift */; };
		2BB79B10298F0B13002A625D /* ModelData.swift in Sources */ = {isa = PBXBuildFile; fileRef = 2BB34C32298EC8C300BF60E4 /* ModelData.swift */; };
		2BB79B12298F1223002A625D /* LessonDetailViewController.swift in Sources */ = {isa = PBXBuildFile; fileRef = 2BB79B11298F1223002A625D /* LessonDetailViewController.swift */; };
		2BEC2E21298ED9E900F11147 /* LoadLessonTests.swift in Sources */ = {isa = PBXBuildFile; fileRef = 2BEC2E20298ED9E900F11147 /* LoadLessonTests.swift */; };
/* End PBXBuildFile section */

/* Begin PBXContainerItemProxy section */
		2B0DA48A298EB8910083627B /* PBXContainerItemProxy */ = {
			isa = PBXContainerItemProxy;
			containerPortal = 2B0DA470298EB8900083627B /* Project object */;
			proxyType = 1;
			remoteGlobalIDString = 2B0DA477298EB8900083627B;
			remoteInfo = ips_assignment;
		};
		2B0DA494298EB8910083627B /* PBXContainerItemProxy */ = {
			isa = PBXContainerItemProxy;
			containerPortal = 2B0DA470298EB8900083627B /* Project object */;
			proxyType = 1;
			remoteGlobalIDString = 2B0DA477298EB8900083627B;
			remoteInfo = ips_assignment;
		};
/* End PBXContainerItemProxy section */

/* Begin PBXFileReference section */
		2B0DA478298EB8900083627B /* ips_assignment.app */ = {isa = PBXFileReference; explicitFileType = wrapper.application; includeInIndex = 0; path = ips_assignment.app; sourceTree = BUILT_PRODUCTS_DIR; };
		2B0DA47B298EB8900083627B /* IPSAssignmentApp.swift */ = {isa = PBXFileReference; lastKnownFileType = sourcecode.swift; path = IPSAssignmentApp.swift; sourceTree = "<group>"; };
		2B0DA47D298EB8900083627B /* ContentView.swift */ = {isa = PBXFileReference; lastKnownFileType = sourcecode.swift; path = ContentView.swift; sourceTree = "<group>"; };
		2B0DA47F298EB8900083627B /* Assets.xcassets */ = {isa = PBXFileReference; lastKnownFileType = folder.assetcatalog; path = Assets.xcassets; sourceTree = "<group>"; };
		2B0DA481298EB8900083627B /* ips_assignment.entitlements */ = {isa = PBXFileReference; lastKnownFileType = text.plist.entitlements; path = ips_assignment.entitlements; sourceTree = "<group>"; };
		2B0DA483298EB8900083627B /* Preview Assets.xcassets */ = {isa = PBXFileReference; lastKnownFileType = folder.assetcatalog; path = "Preview Assets.xcassets"; sourceTree = "<group>"; };
		2B0DA489298EB8910083627B /* ips_assignmentTests.xctest */ = {isa = PBXFileReference; explicitFileType = wrapper.cfbundle; includeInIndex = 0; path = ips_assignmentTests.xctest; sourceTree = BUILT_PRODUCTS_DIR; };
		2B0DA493298EB8910083627B /* ips_assignmentUITests.xctest */ = {isa = PBXFileReference; explicitFileType = wrapper.cfbundle; includeInIndex = 0; path = ips_assignmentUITests.xctest; sourceTree = BUILT_PRODUCTS_DIR; };
		2B0DA497298EB8910083627B /* ips_assignmentUITests.swift */ = {isa = PBXFileReference; lastKnownFileType = sourcecode.swift; path = ips_assignmentUITests.swift; sourceTree = "<group>"; };
		2B0DA499298EB8910083627B /* ips_assignmentUITestsLaunchTests.swift */ = {isa = PBXFileReference; lastKnownFileType = sourcecode.swift; path = ips_assignmentUITestsLaunchTests.swift; sourceTree = "<group>"; };
		2B118A9029944C21008038DE /* Reachability.swift */ = {isa = PBXFileReference; lastKnownFileType = sourcecode.swift; path = Reachability.swift; sourceTree = "<group>"; };
		2BA59A04298FFE8F00F2D3B9 /* ApiProviders.swift */ = {isa = PBXFileReference; lastKnownFileType = sourcecode.swift; path = ApiProviders.swift; sourceTree = "<group>"; };
		2BB34C27298EC20000BF60E4 /* LessonList.swift */ = {isa = PBXFileReference; lastKnownFileType = sourcecode.swift; path = LessonList.swift; sourceTree = "<group>"; };
		2BB34C29298EC21100BF60E4 /* LessonRow.swift */ = {isa = PBXFileReference; lastKnownFileType = sourcecode.swift; path = LessonRow.swift; sourceTree = "<group>"; };
		2BB34C2B298EC26200BF60E4 /* Lesson.swift */ = {isa = PBXFileReference; lastKnownFileType = sourcecode.swift; path = Lesson.swift; sourceTree = "<group>"; };
		2BB34C30298EC88B00BF60E4 /* lessonData.json */ = {isa = PBXFileReference; lastKnownFileType = text.json; path = lessonData.json; sourceTree = "<group>"; };
		2BB34C32298EC8C300BF60E4 /* ModelData.swift */ = {isa = PBXFileReference; lastKnownFileType = sourcecode.swift; path = ModelData.swift; sourceTree = "<group>"; };
		2BB79B11298F1223002A625D /* LessonDetailViewController.swift */ = {isa = PBXFileReference; lastKnownFileType = sourcecode.swift; path = LessonDetailViewController.swift; sourceTree = "<group>"; };
		2BEC2E20298ED9E900F11147 /* LoadLessonTests.swift */ = {isa = PBXFileReference; lastKnownFileType = sourcecode.swift; path = LoadLessonTests.swift; sourceTree = "<group>"; };
/* End PBXFileReference section */

/* Begin PBXFrameworksBuildPhase section */
		2B0DA475298EB8900083627B /* Frameworks */ = {
			isa = PBXFrameworksBuildPhase;
			buildActionMask = 2147483647;
			files = (
			);
			runOnlyForDeploymentPostprocessing = 0;
		};
		2B0DA486298EB8910083627B /* Frameworks */ = {
			isa = PBXFrameworksBuildPhase;
			buildActionMask = 2147483647;
			files = (
			);
			runOnlyForDeploymentPostprocessing = 0;
		};
		2B0DA490298EB8910083627B /* Frameworks */ = {
			isa = PBXFrameworksBuildPhase;
			buildActionMask = 2147483647;
			files = (
			);
			runOnlyForDeploymentPostprocessing = 0;
		};
/* End PBXFrameworksBuildPhase section */

/* Begin PBXGroup section */
		2B0DA46F298EB8900083627B = {
			isa = PBXGroup;
			children = (
				2B0DA47A298EB8900083627B /* ips_assignment */,
				2B0DA48C298EB8910083627B /* ips_assignmentTests */,
				2B0DA496298EB8910083627B /* ips_assignmentUITests */,
				2B0DA479298EB8900083627B /* Products */,
			);
			sourceTree = "<group>";
		};
		2B0DA479298EB8900083627B /* Products */ = {
			isa = PBXGroup;
			children = (
				2B0DA478298EB8900083627B /* ips_assignment.app */,
				2B0DA489298EB8910083627B /* ips_assignmentTests.xctest */,
				2B0DA493298EB8910083627B /* ips_assignmentUITests.xctest */,
			);
			name = Products;
			sourceTree = "<group>";
		};
		2B0DA47A298EB8900083627B /* ips_assignment */ = {
			isa = PBXGroup;
			children = (
				2B0DA47B298EB8900083627B /* IPSAssignmentApp.swift */,
				2BB34C24298EC13000BF60E4 /* Views */,
				2B6B274629916974002223C5 /* ViewControllers */,
				2BB34C25298EC13F00BF60E4 /* Model */,
				2B0DA47F298EB8900083627B /* Assets.xcassets */,
				2B0DA481298EB8900083627B /* ips_assignment.entitlements */,
				2BA59A03298FFE7E00F2D3B9 /* Providers */,
				2BB34C2D298EC83100BF60E4 /* Resources */,
				2B0DA482298EB8900083627B /* Preview Content */,
			);
			path = ips_assignment;
			sourceTree = "<group>";
		};
		2B0DA482298EB8900083627B /* Preview Content */ = {
			isa = PBXGroup;
			children = (
				2B0DA483298EB8900083627B /* Preview Assets.xcassets */,
			);
			path = "Preview Content";
			sourceTree = "<group>";
		};
		2B0DA48C298EB8910083627B /* ips_assignmentTests */ = {
			isa = PBXGroup;
			children = (
				2B1B23B3298ECC9100C4149B /* Model */,
				2BEC2E20298ED9E900F11147 /* LoadLessonTests.swift */,
			);
			path = ips_assignmentTests;
			sourceTree = "<group>";
		};
		2B0DA496298EB8910083627B /* ips_assignmentUITests */ = {
			isa = PBXGroup;
			children = (
				2B0DA497298EB8910083627B /* ips_assignmentUITests.swift */,
				2B0DA499298EB8910083627B /* ips_assignmentUITestsLaunchTests.swift */,
			);
			path = ips_assignmentUITests;
			sourceTree = "<group>";
		};
		2B1B23B3298ECC9100C4149B /* Model */ = {
			isa = PBXGroup;
			children = (
				2BB34C32298EC8C300BF60E4 /* ModelData.swift */,
			);
			path = Model;
			sourceTree = "<group>";
		};
		2B6B274629916974002223C5 /* ViewControllers */ = {
			isa = PBXGroup;
			children = (
				2BB79B11298F1223002A625D /* LessonDetailViewController.swift */,
			);
			path = ViewControllers;
			sourceTree = "<group>";
		};
		2BA59A03298FFE7E00F2D3B9 /* Providers */ = {
			isa = PBXGroup;
			children = (
				2BA59A04298FFE8F00F2D3B9 /* ApiProviders.swift */,
				2B118A9029944C21008038DE /* Reachability.swift */,
			);
			path = Providers;
			sourceTree = "<group>";
		};
		2BB34C24298EC13000BF60E4 /* Views */ = {
			isa = PBXGroup;
			children = (
				2B0DA47D298EB8900083627B /* ContentView.swift */,
				2BB34C26298EC18500BF60E4 /* Lessons */,
			);
			path = Views;
			sourceTree = "<group>";
		};
		2BB34C25298EC13F00BF60E4 /* Model */ = {
			isa = PBXGroup;
			children = (
				2BB34C2B298EC26200BF60E4 /* Lesson.swift */,
			);
			path = Model;
			sourceTree = "<group>";
		};
		2BB34C26298EC18500BF60E4 /* Lessons */ = {
			isa = PBXGroup;
			children = (
				2BB34C27298EC20000BF60E4 /* LessonList.swift */,
				2BB34C29298EC21100BF60E4 /* LessonRow.swift */,
			);
			path = Lessons;
			sourceTree = "<group>";
		};
		2BB34C2D298EC83100BF60E4 /* Resources */ = {
			isa = PBXGroup;
			children = (
				2BB34C30298EC88B00BF60E4 /* lessonData.json */,
			);
			path = Resources;
			sourceTree = "<group>";
		};
/* End PBXGroup section */

/* Begin PBXNativeTarget section */
		2B0DA477298EB8900083627B /* ips_assignment */ = {
			isa = PBXNativeTarget;
			buildConfigurationList = 2B0DA49D298EB8910083627B /* Build configuration list for PBXNativeTarget "ips_assignment" */;
			buildPhases = (
				2B0DA474298EB8900083627B /* Sources */,
				2B0DA475298EB8900083627B /* Frameworks */,
				2B0DA476298EB8900083627B /* Resources */,
			);
			buildRules = (
			);
			dependencies = (
			);
			name = ips_assignment;
			productName = ips_assignment;
			productReference = 2B0DA478298EB8900083627B /* ips_assignment.app */;
			productType = "com.apple.product-type.application";
		};
		2B0DA488298EB8910083627B /* ips_assignmentTests */ = {
			isa = PBXNativeTarget;
			buildConfigurationList = 2B0DA4A0298EB8910083627B /* Build configuration list for PBXNativeTarget "ips_assignmentTests" */;
			buildPhases = (
				2B0DA485298EB8910083627B /* Sources */,
				2B0DA486298EB8910083627B /* Frameworks */,
				2B0DA487298EB8910083627B /* Resources */,
			);
			buildRules = (
			);
			dependencies = (
				2B0DA48B298EB8910083627B /* PBXTargetDependency */,
			);
			name = ips_assignmentTests;
			productName = ips_assignmentTests;
			productReference = 2B0DA489298EB8910083627B /* ips_assignmentTests.xctest */;
			productType = "com.apple.product-type.bundle.unit-test";
		};
		2B0DA492298EB8910083627B /* ips_assignmentUITests */ = {
			isa = PBXNativeTarget;
			buildConfigurationList = 2B0DA4A3298EB8910083627B /* Build configuration list for PBXNativeTarget "ips_assignmentUITests" */;
			buildPhases = (
				2B0DA48F298EB8910083627B /* Sources */,
				2B0DA490298EB8910083627B /* Frameworks */,
				2B0DA491298EB8910083627B /* Resources */,
			);
			buildRules = (
			);
			dependencies = (
				2B0DA495298EB8910083627B /* PBXTargetDependency */,
			);
			name = ips_assignmentUITests;
			productName = ips_assignmentUITests;
			productReference = 2B0DA493298EB8910083627B /* ips_assignmentUITests.xctest */;
			productType = "com.apple.product-type.bundle.ui-testing";
		};
/* End PBXNativeTarget section */

/* Begin PBXProject section */
		2B0DA470298EB8900083627B /* Project object */ = {
			isa = PBXProject;
			attributes = {
				BuildIndependentTargetsInParallel = 1;
				LastSwiftUpdateCheck = 1420;
				LastUpgradeCheck = 1420;
				TargetAttributes = {
					2B0DA477298EB8900083627B = {
						CreatedOnToolsVersion = 14.2;
					};
					2B0DA488298EB8910083627B = {
						CreatedOnToolsVersion = 14.2;
						TestTargetID = 2B0DA477298EB8900083627B;
					};
					2B0DA492298EB8910083627B = {
						CreatedOnToolsVersion = 14.2;
						TestTargetID = 2B0DA477298EB8900083627B;
					};
				};
			};
			buildConfigurationList = 2B0DA473298EB8900083627B /* Build configuration list for PBXProject "ips_assignment" */;
			compatibilityVersion = "Xcode 14.0";
			developmentRegion = en;
			hasScannedForEncodings = 0;
			knownRegions = (
				en,
				Base,
			);
			mainGroup = 2B0DA46F298EB8900083627B;
			productRefGroup = 2B0DA479298EB8900083627B /* Products */;
			projectDirPath = "";
			projectRoot = "";
			targets = (
				2B0DA477298EB8900083627B /* ips_assignment */,
				2B0DA488298EB8910083627B /* ips_assignmentTests */,
				2B0DA492298EB8910083627B /* ips_assignmentUITests */,
			);
		};
/* End PBXProject section */

/* Begin PBXResourcesBuildPhase section */
		2B0DA476298EB8900083627B /* Resources */ = {
			isa = PBXResourcesBuildPhase;
			buildActionMask = 2147483647;
			files = (
				2B1B23B8298ECE4A00C4149B /* lessonData.json in Resources */,
				2B0DA484298EB8900083627B /* Preview Assets.xcassets in Resources */,
				2B0DA480298EB8900083627B /* Assets.xcassets in Resources */,
			);
			runOnlyForDeploymentPostprocessing = 0;
		};
		2B0DA487298EB8910083627B /* Resources */ = {
			isa = PBXResourcesBuildPhase;
			buildActionMask = 2147483647;
			files = (
			);
			runOnlyForDeploymentPostprocessing = 0;
		};
		2B0DA491298EB8910083627B /* Resources */ = {
			isa = PBXResourcesBuildPhase;
			buildActionMask = 2147483647;
			files = (
			);
			runOnlyForDeploymentPostprocessing = 0;
		};
/* End PBXResourcesBuildPhase section */

/* Begin PBXSourcesBuildPhase section */
		2B0DA474298EB8900083627B /* Sources */ = {
			isa = PBXSourcesBuildPhase;
			buildActionMask = 2147483647;
			files = (
				2BB34C2C298EC26200BF60E4 /* Lesson.swift in Sources */,
				2B0DA47E298EB8900083627B /* ContentView.swift in Sources */,
				2B0DA47C298EB8900083627B /* IPSAssignmentApp.swift in Sources */,
				2BB79B12298F1223002A625D /* LessonDetailViewController.swift in Sources */,
				2BA59A05298FFE8F00F2D3B9 /* ApiProviders.swift in Sources */,
				2B118A9129944C21008038DE /* Reachability.swift in Sources */,
				2BB34C2A298EC21100BF60E4 /* LessonRow.swift in Sources */,
				2BB34C28298EC20000BF60E4 /* LessonList.swift in Sources */,
				2BB79B10298F0B13002A625D /* ModelData.swift in Sources */,
			);
			runOnlyForDeploymentPostprocessing = 0;
		};
		2B0DA485298EB8910083627B /* Sources */ = {
			isa = PBXSourcesBuildPhase;
			buildActionMask = 2147483647;
			files = (
				2BEC2E21298ED9E900F11147 /* LoadLessonTests.swift in Sources */,
				2BA59A062990013A00F2D3B9 /* ApiProviders.swift in Sources */,
				2B1B23B6298ECD6700C4149B /* Lesson.swift in Sources */,
				2B1B23B7298ECD7000C4149B /* ModelData.swift in Sources */,
			);
			runOnlyForDeploymentPostprocessing = 0;
		};
		2B0DA48F298EB8910083627B /* Sources */ = {
			isa = PBXSourcesBuildPhase;
			buildActionMask = 2147483647;
			files = (
				2B0DA49A298EB8910083627B /* ips_assignmentUITestsLaunchTests.swift in Sources */,
				2B0DA498298EB8910083627B /* ips_assignmentUITests.swift in Sources */,
			);
			runOnlyForDeploymentPostprocessing = 0;
		};
/* End PBXSourcesBuildPhase section */

/* Begin PBXTargetDependency section */
		2B0DA48B298EB8910083627B /* PBXTargetDependency */ = {
			isa = PBXTargetDependency;
			target = 2B0DA477298EB8900083627B /* ips_assignment */;
			targetProxy = 2B0DA48A298EB8910083627B /* PBXContainerItemProxy */;
		};
		2B0DA495298EB8910083627B /* PBXTargetDependency */ = {
			isa = PBXTargetDependency;
			target = 2B0DA477298EB8900083627B /* ips_assignment */;
			targetProxy = 2B0DA494298EB8910083627B /* PBXContainerItemProxy */;
		};
/* End PBXTargetDependency section */

/* Begin XCBuildConfiguration section */
		2B0DA49B298EB8910083627B /* Debug */ = {
			isa = XCBuildConfiguration;
			buildSettings = {
				ALWAYS_SEARCH_USER_PATHS = NO;
				CLANG_ANALYZER_NONNULL = YES;
				CLANG_ANALYZER_NUMBER_OBJECT_CONVERSION = YES_AGGRESSIVE;
				CLANG_CXX_LANGUAGE_STANDARD = "gnu++20";
				CLANG_ENABLE_MODULES = YES;
				CLANG_ENABLE_OBJC_ARC = YES;
				CLANG_ENABLE_OBJC_WEAK = YES;
				CLANG_WARN_BLOCK_CAPTURE_AUTORELEASING = YES;
				CLANG_WARN_BOOL_CONVERSION = YES;
				CLANG_WARN_COMMA = YES;
				CLANG_WARN_CONSTANT_CONVERSION = YES;
				CLANG_WARN_DEPRECATED_OBJC_IMPLEMENTATIONS = YES;
				CLANG_WARN_DIRECT_OBJC_ISA_USAGE = YES_ERROR;
				CLANG_WARN_DOCUMENTATION_COMMENTS = YES;
				CLANG_WARN_EMPTY_BODY = YES;
				CLANG_WARN_ENUM_CONVERSION = YES;
				CLANG_WARN_INFINITE_RECURSION = YES;
				CLANG_WARN_INT_CONVERSION = YES;
				CLANG_WARN_NON_LITERAL_NULL_CONVERSION = YES;
				CLANG_WARN_OBJC_IMPLICIT_RETAIN_SELF = YES;
				CLANG_WARN_OBJC_LITERAL_CONVERSION = YES;
				CLANG_WARN_OBJC_ROOT_CLASS = YES_ERROR;
				CLANG_WARN_QUOTED_INCLUDE_IN_FRAMEWORK_HEADER = YES;
				CLANG_WARN_RANGE_LOOP_ANALYSIS = YES;
				CLANG_WARN_STRICT_PROTOTYPES = YES;
				CLANG_WARN_SUSPICIOUS_MOVE = YES;
				CLANG_WARN_UNGUARDED_AVAILABILITY = YES_AGGRESSIVE;
				CLANG_WARN_UNREACHABLE_CODE = YES;
				CLANG_WARN__DUPLICATE_METHOD_MATCH = YES;
				COPY_PHASE_STRIP = NO;
				DEBUG_INFORMATION_FORMAT = dwarf;
				ENABLE_STRICT_OBJC_MSGSEND = YES;
				ENABLE_TESTABILITY = YES;
				GCC_C_LANGUAGE_STANDARD = gnu11;
				GCC_DYNAMIC_NO_PIC = NO;
				GCC_NO_COMMON_BLOCKS = YES;
				GCC_OPTIMIZATION_LEVEL = 0;
				GCC_PREPROCESSOR_DEFINITIONS = (
					"DEBUG=1",
					"$(inherited)",
				);
				GCC_WARN_64_TO_32_BIT_CONVERSION = YES;
				GCC_WARN_ABOUT_RETURN_TYPE = YES_ERROR;
				GCC_WARN_UNDECLARED_SELECTOR = YES;
				GCC_WARN_UNINITIALIZED_AUTOS = YES_AGGRESSIVE;
				GCC_WARN_UNUSED_FUNCTION = YES;
				GCC_WARN_UNUSED_VARIABLE = YES;
				MTL_ENABLE_DEBUG_INFO = INCLUDE_SOURCE;
				MTL_FAST_MATH = YES;
				ONLY_ACTIVE_ARCH = YES;
				SWIFT_ACTIVE_COMPILATION_CONDITIONS = DEBUG;
				SWIFT_OPTIMIZATION_LEVEL = "-Onone";
			};
			name = Debug;
		};
		2B0DA49C298EB8910083627B /* Release */ = {
			isa = XCBuildConfiguration;
			buildSettings = {
				ALWAYS_SEARCH_USER_PATHS = NO;
				CLANG_ANALYZER_NONNULL = YES;
				CLANG_ANALYZER_NUMBER_OBJECT_CONVERSION = YES_AGGRESSIVE;
				CLANG_CXX_LANGUAGE_STANDARD = "gnu++20";
				CLANG_ENABLE_MODULES = YES;
				CLANG_ENABLE_OBJC_ARC = YES;
				CLANG_ENABLE_OBJC_WEAK = YES;
				CLANG_WARN_BLOCK_CAPTURE_AUTORELEASING = YES;
				CLANG_WARN_BOOL_CONVERSION = YES;
				CLANG_WARN_COMMA = YES;
				CLANG_WARN_CONSTANT_CONVERSION = YES;
				CLANG_WARN_DEPRECATED_OBJC_IMPLEMENTATIONS = YES;
				CLANG_WARN_DIRECT_OBJC_ISA_USAGE = YES_ERROR;
				CLANG_WARN_DOCUMENTATION_COMMENTS = YES;
				CLANG_WARN_EMPTY_BODY = YES;
				CLANG_WARN_ENUM_CONVERSION = YES;
				CLANG_WARN_INFINITE_RECURSION = YES;
				CLANG_WARN_INT_CONVERSION = YES;
				CLANG_WARN_NON_LITERAL_NULL_CONVERSION = YES;
				CLANG_WARN_OBJC_IMPLICIT_RETAIN_SELF = YES;
				CLANG_WARN_OBJC_LITERAL_CONVERSION = YES;
				CLANG_WARN_OBJC_ROOT_CLASS = YES_ERROR;
				CLANG_WARN_QUOTED_INCLUDE_IN_FRAMEWORK_HEADER = YES;
				CLANG_WARN_RANGE_LOOP_ANALYSIS = YES;
				CLANG_WARN_STRICT_PROTOTYPES = YES;
				CLANG_WARN_SUSPICIOUS_MOVE = YES;
				CLANG_WARN_UNGUARDED_AVAILABILITY = YES_AGGRESSIVE;
				CLANG_WARN_UNREACHABLE_CODE = YES;
				CLANG_WARN__DUPLICATE_METHOD_MATCH = YES;
				COPY_PHASE_STRIP = NO;
				DEBUG_INFORMATION_FORMAT = "dwarf-with-dsym";
				ENABLE_NS_ASSERTIONS = NO;
				ENABLE_STRICT_OBJC_MSGSEND = YES;
				GCC_C_LANGUAGE_STANDARD = gnu11;
				GCC_NO_COMMON_BLOCKS = YES;
				GCC_WARN_64_TO_32_BIT_CONVERSION = YES;
				GCC_WARN_ABOUT_RETURN_TYPE = YES_ERROR;
				GCC_WARN_UNDECLARED_SELECTOR = YES;
				GCC_WARN_UNINITIALIZED_AUTOS = YES_AGGRESSIVE;
				GCC_WARN_UNUSED_FUNCTION = YES;
				GCC_WARN_UNUSED_VARIABLE = YES;
				MTL_ENABLE_DEBUG_INFO = NO;
				MTL_FAST_MATH = YES;
				SWIFT_COMPILATION_MODE = wholemodule;
				SWIFT_OPTIMIZATION_LEVEL = "-O";
			};
			name = Release;
		};
		2B0DA49E298EB8910083627B /* Debug */ = {
			isa = XCBuildConfiguration;
			buildSettings = {
				ASSETCATALOG_COMPILER_APPICON_NAME = AppIcon;
				ASSETCATALOG_COMPILER_GLOBAL_ACCENT_COLOR_NAME = AccentColor;
				CODE_SIGN_ENTITLEMENTS = ips_assignment/ips_assignment.entitlements;
				CODE_SIGN_STYLE = Automatic;
				CURRENT_PROJECT_VERSION = 1;
				DEVELOPMENT_ASSET_PATHS = "\"ips_assignment/Preview Content\"";
				DEVELOPMENT_TEAM = 33BKRBW8SH;
				ENABLE_HARDENED_RUNTIME = YES;
				ENABLE_PREVIEWS = YES;
				GENERATE_INFOPLIST_FILE = YES;
				INFOPLIST_KEY_CFBundleDisplayName = IPS_Loyd;
				"INFOPLIST_KEY_UIApplicationSceneManifest_Generation[sdk=iphoneos*]" = YES;
				"INFOPLIST_KEY_UIApplicationSceneManifest_Generation[sdk=iphonesimulator*]" = YES;
				"INFOPLIST_KEY_UIApplicationSupportsIndirectInputEvents[sdk=iphoneos*]" = YES;
				"INFOPLIST_KEY_UIApplicationSupportsIndirectInputEvents[sdk=iphonesimulator*]" = YES;
				"INFOPLIST_KEY_UILaunchScreen_Generation[sdk=iphoneos*]" = YES;
				"INFOPLIST_KEY_UILaunchScreen_Generation[sdk=iphonesimulator*]" = YES;
				"INFOPLIST_KEY_UIStatusBarStyle[sdk=iphoneos*]" = UIStatusBarStyleDefault;
				"INFOPLIST_KEY_UIStatusBarStyle[sdk=iphonesimulator*]" = UIStatusBarStyleDefault;
				INFOPLIST_KEY_UISupportedInterfaceOrientations_iPad = "UIInterfaceOrientationPortrait UIInterfaceOrientationPortraitUpsideDown UIInterfaceOrientationLandscapeLeft UIInterfaceOrientationLandscapeRight";
				INFOPLIST_KEY_UISupportedInterfaceOrientations_iPhone = "UIInterfaceOrientationPortrait UIInterfaceOrientationLandscapeLeft UIInterfaceOrientationLandscapeRight";
				IPHONEOS_DEPLOYMENT_TARGET = 16.2;
				LD_RUNPATH_SEARCH_PATHS = "@executable_path/Frameworks";
				"LD_RUNPATH_SEARCH_PATHS[sdk=macosx*]" = "@executable_path/../Frameworks";
				MACOSX_DEPLOYMENT_TARGET = 13.1;
				MARKETING_VERSION = 1.0;
				PRODUCT_BUNDLE_IDENTIFIER = "com.loyd.kim.ips-assignment";
				PRODUCT_NAME = "$(TARGET_NAME)";
				SDKROOT = auto;
				SUPPORTED_PLATFORMS = "iphoneos iphonesimulator macosx";
				SWIFT_EMIT_LOC_STRINGS = YES;
				SWIFT_VERSION = 5.0;
				TARGETED_DEVICE_FAMILY = "1,2";
			};
			name = Debug;
		};
		2B0DA49F298EB8910083627B /* Release */ = {
			isa = XCBuildConfiguration;
			buildSettings = {
				ASSETCATALOG_COMPILER_APPICON_NAME = AppIcon;
				ASSETCATALOG_COMPILER_GLOBAL_ACCENT_COLOR_NAME = AccentColor;
				CODE_SIGN_ENTITLEMENTS = ips_assignment/ips_assignment.entitlements;
				CODE_SIGN_STYLE = Automatic;
				CURRENT_PROJECT_VERSION = 1;
				DEVELOPMENT_ASSET_PATHS = "\"ips_assignment/Preview Content\"";
				DEVELOPMENT_TEAM = 33BKRBW8SH;
				ENABLE_HARDENED_RUNTIME = YES;
				ENABLE_PREVIEWS = YES;
				GENERATE_INFOPLIST_FILE = YES;
				INFOPLIST_KEY_CFBundleDisplayName = IPS_Loyd;
				"INFOPLIST_KEY_UIApplicationSceneManifest_Generation[sdk=iphoneos*]" = YES;
				"INFOPLIST_KEY_UIApplicationSceneManifest_Generation[sdk=iphonesimulator*]" = YES;
				"INFOPLIST_KEY_UIApplicationSupportsIndirectInputEvents[sdk=iphoneos*]" = YES;
				"INFOPLIST_KEY_UIApplicationSupportsIndirectInputEvents[sdk=iphonesimulator*]" = YES;
				"INFOPLIST_KEY_UILaunchScreen_Generation[sdk=iphoneos*]" = YES;
				"INFOPLIST_KEY_UILaunchScreen_Generation[sdk=iphonesimulator*]" = YES;
				"INFOPLIST_KEY_UIStatusBarStyle[sdk=iphoneos*]" = UIStatusBarStyleDefault;
				"INFOPLIST_KEY_UIStatusBarStyle[sdk=iphonesimulator*]" = UIStatusBarStyleDefault;
				INFOPLIST_KEY_UISupportedInterfaceOrientations_iPad = "UIInterfaceOrientationPortrait UIInterfaceOrientationPortraitUpsideDown UIInterfaceOrientationLandscapeLeft UIInterfaceOrientationLandscapeRight";
				INFOPLIST_KEY_UISupportedInterfaceOrientations_iPhone = "UIInterfaceOrientationPortrait UIInterfaceOrientationLandscapeLeft UIInterfaceOrientationLandscapeRight";
				IPHONEOS_DEPLOYMENT_TARGET = 16.2;
				LD_RUNPATH_SEARCH_PATHS = "@executable_path/Frameworks";
				"LD_RUNPATH_SEARCH_PATHS[sdk=macosx*]" = "@executable_path/../Frameworks";
				MACOSX_DEPLOYMENT_TARGET = 13.1;
				MARKETING_VERSION = 1.0;
				PRODUCT_BUNDLE_IDENTIFIER = "com.loyd.kim.ips-assignment";
				PRODUCT_NAME = "$(TARGET_NAME)";
				SDKROOT = auto;
				SUPPORTED_PLATFORMS = "iphoneos iphonesimulator macosx";
				SWIFT_EMIT_LOC_STRINGS = YES;
				SWIFT_VERSION = 5.0;
				TARGETED_DEVICE_FAMILY = "1,2";
			};
			name = Release;
		};
		2B0DA4A1298EB8910083627B /* Debug */ = {
			isa = XCBuildConfiguration;
			buildSettings = {
				ALWAYS_EMBED_SWIFT_STANDARD_LIBRARIES = YES;
				BUNDLE_LOADER = "$(TEST_HOST)";
				CODE_SIGN_STYLE = Automatic;
				CURRENT_PROJECT_VERSION = 1;
				DEVELOPMENT_TEAM = 33BKRBW8SH;
				GENERATE_INFOPLIST_FILE = YES;
				IPHONEOS_DEPLOYMENT_TARGET = 16.2;
				MACOSX_DEPLOYMENT_TARGET = 13.1;
				MARKETING_VERSION = 1.0;
				PRODUCT_BUNDLE_IDENTIFIER = "com.loyd.kim.ips-assignmentTests";
				PRODUCT_NAME = "$(TARGET_NAME)";
				SDKROOT = auto;
				SUPPORTED_PLATFORMS = "iphoneos iphonesimulator macosx";
				SWIFT_EMIT_LOC_STRINGS = NO;
				SWIFT_VERSION = 5.0;
				TARGETED_DEVICE_FAMILY = "1,2";
				TEST_HOST = "$(BUILT_PRODUCTS_DIR)/ips_assignment.app/$(BUNDLE_EXECUTABLE_FOLDER_PATH)/ips_assignment";
			};
			name = Debug;
		};
		2B0DA4A2298EB8910083627B /* Release */ = {
			isa = XCBuildConfiguration;
			buildSettings = {
				ALWAYS_EMBED_SWIFT_STANDARD_LIBRARIES = YES;
				BUNDLE_LOADER = "$(TEST_HOST)";
				CODE_SIGN_STYLE = Automatic;
				CURRENT_PROJECT_VERSION = 1;
				DEVELOPMENT_TEAM = 33BKRBW8SH;
				GENERATE_INFOPLIST_FILE = YES;
				IPHONEOS_DEPLOYMENT_TARGET = 16.2;
				MACOSX_DEPLOYMENT_TARGET = 13.1;
				MARKETING_VERSION = 1.0;
				PRODUCT_BUNDLE_IDENTIFIER = "com.loyd.kim.ips-assignmentTests";
				PRODUCT_NAME = "$(TARGET_NAME)";
				SDKROOT = auto;
				SUPPORTED_PLATFORMS = "iphoneos iphonesimulator macosx";
				SWIFT_EMIT_LOC_STRINGS = NO;
				SWIFT_VERSION = 5.0;
				TARGETED_DEVICE_FAMILY = "1,2";
				TEST_HOST = "$(BUILT_PRODUCTS_DIR)/ips_assignment.app/$(BUNDLE_EXECUTABLE_FOLDER_PATH)/ips_assignment";
			};
			name = Release;
		};
		2B0DA4A4298EB8910083627B /* Debug */ = {
			isa = XCBuildConfiguration;
			buildSettings = {
				ALWAYS_EMBED_SWIFT_STANDARD_LIBRARIES = YES;
				CODE_SIGN_STYLE = Automatic;
				CURRENT_PROJECT_VERSION = 1;
				DEVELOPMENT_TEAM = 33BKRBW8SH;
				GENERATE_INFOPLIST_FILE = YES;
				IPHONEOS_DEPLOYMENT_TARGET = 16.2;
				MACOSX_DEPLOYMENT_TARGET = 13.1;
				MARKETING_VERSION = 1.0;
				PRODUCT_BUNDLE_IDENTIFIER = "com.loyd.kim.ips-assignmentUITests";
				PRODUCT_NAME = "$(TARGET_NAME)";
				SDKROOT = auto;
				SUPPORTED_PLATFORMS = "iphoneos iphonesimulator macosx";
				SWIFT_EMIT_LOC_STRINGS = NO;
				SWIFT_VERSION = 5.0;
				TARGETED_DEVICE_FAMILY = "1,2";
				TEST_TARGET_NAME = ips_assignment;
			};
			name = Debug;
		};
		2B0DA4A5298EB8910083627B /* Release */ = {
			isa = XCBuildConfiguration;
			buildSettings = {
				ALWAYS_EMBED_SWIFT_STANDARD_LIBRARIES = YES;
				CODE_SIGN_STYLE = Automatic;
				CURRENT_PROJECT_VERSION = 1;
				DEVELOPMENT_TEAM = 33BKRBW8SH;
				GENERATE_INFOPLIST_FILE = YES;
				IPHONEOS_DEPLOYMENT_TARGET = 16.2;
				MACOSX_DEPLOYMENT_TARGET = 13.1;
				MARKETING_VERSION = 1.0;
				PRODUCT_BUNDLE_IDENTIFIER = "com.loyd.kim.ips-assignmentUITests";
				PRODUCT_NAME = "$(TARGET_NAME)";
				SDKROOT = auto;
				SUPPORTED_PLATFORMS = "iphoneos iphonesimulator macosx";
				SWIFT_EMIT_LOC_STRINGS = NO;
				SWIFT_VERSION = 5.0;
				TARGETED_DEVICE_FAMILY = "1,2";
				TEST_TARGET_NAME = ips_assignment;
			};
			name = Release;
		};
/* End XCBuildConfiguration section */

/* Begin XCConfigurationList section */
		2B0DA473298EB8900083627B /* Build configuration list for PBXProject "ips_assignment" */ = {
			isa = XCConfigurationList;
			buildConfigurations = (
				2B0DA49B298EB8910083627B /* Debug */,
				2B0DA49C298EB8910083627B /* Release */,
			);
			defaultConfigurationIsVisible = 0;
			defaultConfigurationName = Release;
		};
		2B0DA49D298EB8910083627B /* Build configuration list for PBXNativeTarget "ips_assignment" */ = {
			isa = XCConfigurationList;
			buildConfigurations = (
				2B0DA49E298EB8910083627B /* Debug */,
				2B0DA49F298EB8910083627B /* Release */,
			);
			defaultConfigurationIsVisible = 0;
			defaultConfigurationName = Release;
		};
		2B0DA4A0298EB8910083627B /* Build configuration list for PBXNativeTarget "ips_assignmentTests" */ = {
			isa = XCConfigurationList;
			buildConfigurations = (
				2B0DA4A1298EB8910083627B /* Debug */,
				2B0DA4A2298EB8910083627B /* Release */,
			);
			defaultConfigurationIsVisible = 0;
			defaultConfigurationName = Release;
		};
		2B0DA4A3298EB8910083627B /* Build configuration list for PBXNativeTarget "ips_assignmentUITests" */ = {
			isa = XCConfigurationList;
			buildConfigurations = (
				2B0DA4A4298EB8910083627B /* Debug */,
				2B0DA4A5298EB8910083627B /* Release */,
			);
			defaultConfigurationIsVisible = 0;
			defaultConfigurationName = Release;
		};
/* End XCConfigurationList section */
	};
	rootObject = 2B0DA470298EB8900083627B /* Project object */;
}
